
Microsoft Visual Studio Solution File, Format Version 12.00
# Visual Studio Version 17
VisualStudioVersion = 17.0.32014.148
MinimumVisualStudioVersion = 10.0.40219.1
Project("{9A19103F-16F7-4668-BE54-9A1E7A4F7556}") = "AbstractFactory", "AbstractFactory\AbstractFactory.csproj", "{CA875496-E737-4A55-AE79-216F7B50A621}"
EndProject
Project("{9A19103F-16F7-4668-BE54-9A1E7A4F7556}") = "FactoryMethod", "FactoryMethod\FactoryMethod.csproj", "{6CE0086E-B99E-49E8-8CF8-0668F9B3C753}"
EndProject
Project("{9A19103F-16F7-4668-BE54-9A1E7A4F7556}") = "Singleton", "Singleton\Singleton.csproj", "{55A52333-4359-4637-84D6-D756406470F3}"
EndProject
Project("{9A19103F-16F7-4668-BE54-9A1E7A4F7556}") = "SimpleFactory", "SimpleFactory\SimpleFactory.csproj", "{AEB26AC9-C504-48D2-8320-9C3AE7AAE199}"
EndProject
Project("{9A19103F-16F7-4668-BE54-9A1E7A4F7556}") = "Builder", "Builder\Builder.csproj", "{DFAF876E-CEA9-4C34-94CD-D988D34B8FE6}"
EndProject
Project("{9A19103F-16F7-4668-BE54-9A1E7A4F7556}") = "Prototype", "Prototype\Prototype.csproj", "{57D1C5AE-177F-49A3-BF3C-F93BFC675E08}"
EndProject
Project("{9A19103F-16F7-4668-BE54-9A1E7A4F7556}") = "Adaptor", "Adaptor\Adaptor.csproj", "{ACEAA875-AB0C-44C5-A1EE-E37C4B702484}"
EndProject
Project("{9A19103F-16F7-4668-BE54-9A1E7A4F7556}") = "Bridge", "Bridge\Bridge.csproj", "{3510015C-2FC8-4018-B5B1-53CC4996C492}"
EndProject
Project("{9A19103F-16F7-4668-BE54-9A1E7A4F7556}") = "Composite", "Composite\Composite.csproj", "{C4EEE26D-B8B2-47B2-A554-BB960D265B0A}"
EndProject
Project("{9A19103F-16F7-4668-BE54-9A1E7A4F7556}") = "Iterator", "Iterator\Iterator.csproj", "{6CD6B2DE-8D29-401F-8DB3-ECFC9FB34830}"
EndProject
Project("{9A19103F-16F7-4668-BE54-9A1E7A4F7556}") = "Template", "Template\Template.csproj", "{5922AAD7-215B-4CA2-A4CF-9E31847D4739}"
EndProject
Project("{9A19103F-16F7-4668-BE54-9A1E7A4F7556}") = "Strategy", "Strategy\Strategy.csproj", "{90E6CA15-2257-4AEF-B7DC-340C92A20195}"
EndProject
Project("{FAE04EC0-301F-11D3-BF4B-00C04F79EFBC}") = "Decorator", "Decorator\Decorator.csproj", "{7383838F-36D9-4F1B-B0F4-6EC35BE933B2}"
EndProject
Project("{FAE04EC0-301F-11D3-BF4B-00C04F79EFBC}") = "Facade", "Facade\Facade.csproj", "{9364B481-6A32-4EC3-A7C3-455FF9713220}"
EndProject
Global
	GlobalSection(SolutionConfigurationPlatforms) = preSolution
		Debug|Any CPU = Debug|Any CPU
		Release|Any CPU = Release|Any CPU
	EndGlobalSection
	GlobalSection(ProjectConfigurationPlatforms) = postSolution
		{CA875496-E737-4A55-AE79-216F7B50A621}.Debug|Any CPU.ActiveCfg = Debug|Any CPU
		{CA875496-E737-4A55-AE79-216F7B50A621}.Debug|Any CPU.Build.0 = Debug|Any CPU
		{CA875496-E737-4A55-AE79-216F7B50A621}.Release|Any CPU.ActiveCfg = Release|Any CPU
		{CA875496-E737-4A55-AE79-216F7B50A621}.Release|Any CPU.Build.0 = Release|Any CPU
		{6CE0086E-B99E-49E8-8CF8-0668F9B3C753}.Debug|Any CPU.ActiveCfg = Debug|Any CPU
		{6CE0086E-B99E-49E8-8CF8-0668F9B3C753}.Debug|Any CPU.Build.0 = Debug|Any CPU
		{6CE0086E-B99E-49E8-8CF8-0668F9B3C753}.Release|Any CPU.ActiveCfg = Release|Any CPU
		{6CE0086E-B99E-49E8-8CF8-0668F9B3C753}.Release|Any CPU.Build.0 = Release|Any CPU
		{55A52333-4359-4637-84D6-D756406470F3}.Debug|Any CPU.ActiveCfg = Debug|Any CPU
		{55A52333-4359-4637-84D6-D756406470F3}.Debug|Any CPU.Build.0 = Debug|Any CPU
		{55A52333-4359-4637-84D6-D756406470F3}.Release|Any CPU.ActiveCfg = Release|Any CPU
		{55A52333-4359-4637-84D6-D756406470F3}.Release|Any CPU.Build.0 = Release|Any CPU
		{AEB26AC9-C504-48D2-8320-9C3AE7AAE199}.Debug|Any CPU.ActiveCfg = Debug|Any CPU
		{AEB26AC9-C504-48D2-8320-9C3AE7AAE199}.Debug|Any CPU.Build.0 = Debug|Any CPU
		{AEB26AC9-C504-48D2-8320-9C3AE7AAE199}.Release|Any CPU.ActiveCfg = Release|Any CPU
		{AEB26AC9-C504-48D2-8320-9C3AE7AAE199}.Release|Any CPU.Build.0 = Release|Any CPU
		{DFAF876E-CEA9-4C34-94CD-D988D34B8FE6}.Debug|Any CPU.ActiveCfg = Debug|Any CPU
		{DFAF876E-CEA9-4C34-94CD-D988D34B8FE6}.Debug|Any CPU.Build.0 = Debug|Any CPU
		{DFAF876E-CEA9-4C34-94CD-D988D34B8FE6}.Release|Any CPU.ActiveCfg = Release|Any CPU
		{DFAF876E-CEA9-4C34-94CD-D988D34B8FE6}.Release|Any CPU.Build.0 = Release|Any CPU
		{57D1C5AE-177F-49A3-BF3C-F93BFC675E08}.Debug|Any CPU.ActiveCfg = Debug|Any CPU
		{57D1C5AE-177F-49A3-BF3C-F93BFC675E08}.Debug|Any CPU.Build.0 = Debug|Any CPU
		{57D1C5AE-177F-49A3-BF3C-F93BFC675E08}.Release|Any CPU.ActiveCfg = Release|Any CPU
		{57D1C5AE-177F-49A3-BF3C-F93BFC675E08}.Release|Any CPU.Build.0 = Release|Any CPU
		{ACEAA875-AB0C-44C5-A1EE-E37C4B702484}.Debug|Any CPU.ActiveCfg = Debug|Any CPU
		{ACEAA875-AB0C-44C5-A1EE-E37C4B702484}.Debug|Any CPU.Build.0 = Debug|Any CPU
		{ACEAA875-AB0C-44C5-A1EE-E37C4B702484}.Release|Any CPU.ActiveCfg = Release|Any CPU
		{ACEAA875-AB0C-44C5-A1EE-E37C4B702484}.Release|Any CPU.Build.0 = Release|Any CPU
		{3510015C-2FC8-4018-B5B1-53CC4996C492}.Debug|Any CPU.ActiveCfg = Debug|Any CPU
		{3510015C-2FC8-4018-B5B1-53CC4996C492}.Debug|Any CPU.Build.0 = Debug|Any CPU
		{3510015C-2FC8-4018-B5B1-53CC4996C492}.Release|Any CPU.ActiveCfg = Release|Any CPU
		{3510015C-2FC8-4018-B5B1-53CC4996C492}.Release|Any CPU.Build.0 = Release|Any CPU
		{C4EEE26D-B8B2-47B2-A554-BB960D265B0A}.Debug|Any CPU.ActiveCfg = Debug|Any CPU
		{C4EEE26D-B8B2-47B2-A554-BB960D265B0A}.Debug|Any CPU.Build.0 = Debug|Any CPU
		{C4EEE26D-B8B2-47B2-A554-BB960D265B0A}.Release|Any CPU.ActiveCfg = Release|Any CPU
		{C4EEE26D-B8B2-47B2-A554-BB960D265B0A}.Release|Any CPU.Build.0 = Release|Any CPU
		{6CD6B2DE-8D29-401F-8DB3-ECFC9FB34830}.Debug|Any CPU.ActiveCfg = Debug|Any CPU
		{6CD6B2DE-8D29-401F-8DB3-ECFC9FB34830}.Debug|Any CPU.Build.0 = Debug|Any CPU
		{6CD6B2DE-8D29-401F-8DB3-ECFC9FB34830}.Release|Any CPU.ActiveCfg = Release|Any CPU
		{6CD6B2DE-8D29-401F-8DB3-ECFC9FB34830}.Release|Any CPU.Build.0 = Release|Any CPU
		{5922AAD7-215B-4CA2-A4CF-9E31847D4739}.Debug|Any CPU.ActiveCfg = Debug|Any CPU
		{5922AAD7-215B-4CA2-A4CF-9E31847D4739}.Debug|Any CPU.Build.0 = Debug|Any CPU
		{5922AAD7-215B-4CA2-A4CF-9E31847D4739}.Release|Any CPU.ActiveCfg = Release|Any CPU
		{5922AAD7-215B-4CA2-A4CF-9E31847D4739}.Release|Any CPU.Build.0 = Release|Any CPU
		{90E6CA15-2257-4AEF-B7DC-340C92A20195}.Debug|Any CPU.ActiveCfg = Debug|Any CPU
		{90E6CA15-2257-4AEF-B7DC-340C92A20195}.Debug|Any CPU.Build.0 = Debug|Any CPU
		{90E6CA15-2257-4AEF-B7DC-340C92A20195}.Release|Any CPU.ActiveCfg = Release|Any CPU
		{90E6CA15-2257-4AEF-B7DC-340C92A20195}.Release|Any CPU.Build.0 = Release|Any CPU
		{7383838F-36D9-4F1B-B0F4-6EC35BE933B2}.Debug|Any CPU.ActiveCfg = Debug|Any CPU
		{7383838F-36D9-4F1B-B0F4-6EC35BE933B2}.Debug|Any CPU.Build.0 = Debug|Any CPU
		{7383838F-36D9-4F1B-B0F4-6EC35BE933B2}.Release|Any CPU.ActiveCfg = Release|Any CPU
		{7383838F-36D9-4F1B-B0F4-6EC35BE933B2}.Release|Any CPU.Build.0 = Release|Any CPU
		{9364B481-6A32-4EC3-A7C3-455FF9713220}.Debug|Any CPU.ActiveCfg = Debug|Any CPU
		{9364B481-6A32-4EC3-A7C3-455FF9713220}.Debug|Any CPU.Build.0 = Debug|Any CPU
		{9364B481-6A32-4EC3-A7C3-455FF9713220}.Release|Any CPU.ActiveCfg = Release|Any CPU
		{9364B481-6A32-4EC3-A7C3-455FF9713220}.Release|Any CPU.Build.0 = Release|Any CPU
	EndGlobalSection
	GlobalSection(SolutionProperties) = preSolution
		HideSolutionNode = FALSE
	EndGlobalSection
	GlobalSection(ExtensibilityGlobals) = postSolution
		SolutionGuid = {BC004C49-81FC-46E9-828F-1384D6E91F51}
	EndGlobalSection
EndGlobal
